<?xml version="1.0" encoding="utf-8"?>
<Project ToolsVersion="4.0" xmlns="http://schemas.microsoft.com/developer/msbuild/2003">
  <ItemGroup>
    <ClInclude Include="resource.h" />
    <ClInclude Include="Include\ActionSender.h" />
    <ClInclude Include="Include\BatBullet.h" />
    <ClInclude Include="Include\Citizen.h" />
    <ClInclude Include="Include\ConfirmPlayers.h" />
    <ClInclude Include="Include\CPlayer.h" />
    <ClInclude Include="Include\Fade.h" />
    <ClInclude Include="Include\Game.h" />
    <ClInclude Include="Include\Ground.h" />
    <ClInclude Include="Include\MainPlayer.h" />
    <ClInclude Include="Include\Title.h" />
    <ClInclude Include="Include\TpsCamera.h" />
    <ClInclude Include="Include\CircleWalk.h" />
    <ClInclude Include="Include\ziguzagu.h" />
    <ClInclude Include="Include\sikakukuidou.h" />
    <ClInclude Include="Include\ittarikitari.h" />
    <ClInclude Include="Include\ICitizenBrain.h" />
    <ClInclude Include="Include\kansen.h" />
    <ClInclude Include="Include\GuiList.h" />
    <ClInclude Include="Network\Network.h" />
    <ClInclude Include="Network\NetPlayerReceiver.h" />
    <ClInclude Include="Network\NetPlayerManager.h" />
    <ClInclude Include="Network\NetPlayerCaster.h" />
    <ClInclude Include="Network\NetworkConst.h" />
    <ClInclude Include="Include\stdafx.h" />
    <ClInclude Include="Include\HPbar.h" />
    <ClInclude Include="Include\SqSpawner.h" />
    <ClInclude Include="Include\Team.h" />
    <ClInclude Include="Include\Result.h" />
    <ClInclude Include="Include\CitizenGene.h" />
    <ClInclude Include="Include\PlayerGene.h" />
    <ClInclude Include="Include\Walker.h" />
    <ClInclude Include="Include\FlyWalker.h" />
    <ClInclude Include="Include\Citizennigeru.h" />
    <ClInclude Include="Include\Flybar.h" />
    <ClInclude Include="Network\NetGameEventCaster.h" />
    <ClInclude Include="Network\NetGameEventReceiver.h" />
    <ClInclude Include="Include\GameWaiter.h" />
    <ClInclude Include="Include\Wing.h" />
    <ClInclude Include="Include\CollisionMaskConst.h" />
    <ClInclude Include="Include\InstancingCitizenColorManager.h" />
    <ClInclude Include="Include\Weapon.h" />
    <ClInclude Include="Include\HandGun.h" />
    <ClInclude Include="Include\Rifle.h" />
    <ClInclude Include="Include\Bullet.h" />
    <ClInclude Include="Include\RifleBullet.h" />
  </ItemGroup>
  <ItemGroup>
    <ClCompile Include="main.cpp" />
    <ClCompile Include="stdafx.cpp" />
    <ClCompile Include="Ground.cpp" />
    <ClCompile Include="Title.cpp" />
    <ClCompile Include="Fade.cpp" />
    <ClCompile Include="Game.cpp" />
    <ClCompile Include="ConfirmPlayers.cpp" />
    <ClCompile Include="GuiList.cpp" />
    <ClCompile Include="Network\Network.cpp" />
    <ClCompile Include="Network\NetPlayerReceiver.cpp" />
    <ClCompile Include="Network\NetPlayerManager.cpp" />
    <ClCompile Include="Network\NetPlayerCaster.cpp" />
    <ClCompile Include="Player\ActionSender.cpp" />
    <ClCompile Include="Player\CPlayer.cpp" />
    <ClCompile Include="Player\TpsCamera.cpp" />
    <ClCompile Include="Player\MainPlayer.cpp" />
    <ClCompile Include="Player\HPbar.cpp" />
    <ClCompile Include="SqSpawner.cpp" />
    <ClCompile Include="Player\Team.cpp" />
    <ClCompile Include="Result.cpp" />
    <ClCompile Include="Player\PlayerGene.cpp" />
    <ClCompile Include="Citizen\CitizenGene.cpp" />
    <ClCompile Include="Citizen\Citizen.cpp" />
    <ClCompile Include="Citizen\CircleWalk.cpp" />
    <ClCompile Include="Citizen\ICitizenBrain.cpp" />
    <ClCompile Include="Citizen\ittarikitari.cpp" />
    <ClCompile Include="Citizen\kansen.cpp" />
    <ClCompile Include="Citizen\sikakukuidou.cpp" />
    <ClCompile Include="Citizen\ziguzagu.cpp" />
    <ClCompile Include="Mover\Walker.cpp" />
    <ClCompile Include="Mover\FlyWalker.cpp" />
    <ClCompile Include="Citizen\Citizennigeru.cpp" />
    <ClCompile Include="Player\Flybar.cpp" />
    <ClCompile Include="Network\NetGameEventCaster.cpp" />
    <ClCompile Include="Network\NetGameEventReceiver.cpp" />
    <ClCompile Include="GameWaiter.cpp" />
    <ClCompile Include="Player\Wing.cpp" />
    <ClCompile Include="Citizen\InstancingCitizenColorManager.cpp" />
    <ClCompile Include="Player\Weapon\Weapon.cpp" />
    <ClCompile Include="Player\Weapon\HandGun.cpp" />
    <ClCompile Include="Player\Weapon\Rifle.cpp" />
    <ClCompile Include="Player\Bullet\BatBullet.cpp" />
    <ClCompile Include="Player\Bullet\RifleBullet.cpp" />
    <ClCompile Include="Player\Bullet\Bullet.cpp" />
  </ItemGroup>
  <ItemGroup>
    <MeshContentTask Include="Asset\modelData\unityChan.fbx">
      <Filter>Assets\modelData</Filter>
    </MeshContentTask>
    <MeshContentTask Include="Asset\modelData\Bat.FBX" />
    <MeshContentTask Include="Asset\modelData\Citizen.FBX" />
    <MeshContentTask Include="Asset\modelData\PlayerVanp.FBX" />
    <MeshContentTask Include="Asset\modelData\Vanp.FBX" />
    <MeshContentTask Include="Asset\modelData\Ground.FBX" />
    <MeshContentTask Include="Asset\modelData\Wing.FBX" />
    <MeshContentTask Include="Asset\modelData\sky.FBX" />
    <MeshContentTask Include="Asset\modelData\HundGun.FBX" />
    <MeshContentTask Include="Asset\modelData\Rifle.FBX" />
  </ItemGroup>
  <ItemGroup>
    <Filter Include="Assets">
      <UniqueIdentifier>{8911c66b-5378-4f12-8f9b-312d8b16d2bf}</UniqueIdentifier>
    </Filter>
    <Filter Include="Assets\modelData">
      <UniqueIdentifier>{d466c73d-6c42-4f29-ab60-fd42a414814f}</UniqueIdentifier>
    </Filter>
  </ItemGroup>
  <ItemGroup>
    <ResourceCompile Include="Game.rc" />
  </ItemGroup>
  <ItemGroup>
    <ImageContentTask Include="Asset\spriteData\Black.png" />
    <ImageContentTask Include="Asset\spriteData\Title.png" />
    <ImageContentTask Include="Asset\spriteData\waku.png" />
    <ImageContentTask Include="Asset\spriteData\HP_in.png" />
    <ImageContentTask Include="Asset\spriteData\HP_out.png" />
    <ImageContentTask Include="Asset\spriteData\Target.png" />
    <ImageContentTask Include="Asset\spriteData\FlyBar_Out.png" />
    <ImageContentTask Include="Asset\spriteData\FlyBar_In.png" />
  </ItemGroup>
</Project>