<?xml version="1.0" encoding="utf-8"?>
<Project ToolsVersion="4.0" xmlns="http://schemas.microsoft.com/developer/msbuild/2003">
  <ItemGroup>
    <ClInclude Include="stdafx.h" />
    <ClInclude Include="resource.h" />
    <ClInclude Include="Include\ActionSender.h" />
    <ClInclude Include="Include\BatBullet.h" />
    <ClInclude Include="Include\Citizen.h" />
    <ClInclude Include="Include\ConfirmPlayers.h" />
    <ClInclude Include="Include\CPlayer.h" />
    <ClInclude Include="Include\Fade.h" />
    <ClInclude Include="Include\Game.h" />
    <ClInclude Include="Include\Ground.h" />
    <ClInclude Include="Include\MainPlayer.h" />
    <ClInclude Include="Include\Title.h" />
    <ClInclude Include="Include\TpsCamera.h" />
    <ClInclude Include="Include\CircleWalk.h" />
    <ClInclude Include="Include\ziguzagu.h" />
    <ClInclude Include="Include\sikakukuidou.h" />
    <ClInclude Include="Include\ittarikitari.h" />
    <ClInclude Include="Include\ICitizenBrain.h" />
    <ClInclude Include="Include\kansen.h" />
    <ClInclude Include="Include\GuiList.h" />
    <ClInclude Include="Network\Network.h" />
  </ItemGroup>
  <ItemGroup>
    <ClCompile Include="main.cpp" />
    <ClCompile Include="TpsCamera.cpp" />
    <ClCompile Include="CPlayer.cpp" />
    <ClCompile Include="stdafx.cpp" />
    <ClCompile Include="Ground.cpp" />
    <ClCompile Include="Title.cpp" />
    <ClCompile Include="Fade.cpp" />
    <ClCompile Include="Game.cpp" />
    <ClCompile Include="ConfirmPlayers.cpp" />
    <ClCompile Include="ActionSender.cpp" />
    <ClCompile Include="MainPlayer.cpp" />
    <ClCompile Include="BatBullet.cpp" />
    <ClCompile Include="Citizen.cpp" />
    <ClCompile Include="CircleWalk.cpp" />
    <ClCompile Include="sikakukuidou.cpp" />
    <ClCompile Include="ziguzagu.cpp" />
    <ClCompile Include="ittarikitari.cpp" />
    <ClCompile Include="ICitizenBrain.cpp" />
    <ClCompile Include="kansen.cpp" />
    <ClCompile Include="GuiList.cpp" />
    <ClCompile Include="Network\Network.cpp" />
  </ItemGroup>
  <ItemGroup>
    <MeshContentTask Include="Asset\modelData\unityChan.fbx">
      <Filter>Assets\modelData</Filter>
    </MeshContentTask>
    <MeshContentTask Include="Asset\modelData\Ground.FBX">
      <Filter>Assets\modelData</Filter>
    </MeshContentTask>
    <MeshContentTask Include="Asset\modelData\Bat.FBX" />
    <MeshContentTask Include="Asset\modelData\Citizen.FBX" />
    <MeshContentTask Include="Asset\modelData\PlayerVanp.FBX" />
    <MeshContentTask Include="Asset\modelData\Vanp.FBX" />
  </ItemGroup>
  <ItemGroup>
    <Filter Include="Assets">
      <UniqueIdentifier>{8911c66b-5378-4f12-8f9b-312d8b16d2bf}</UniqueIdentifier>
    </Filter>
    <Filter Include="Assets\modelData">
      <UniqueIdentifier>{d466c73d-6c42-4f29-ab60-fd42a414814f}</UniqueIdentifier>
    </Filter>
  </ItemGroup>
  <ItemGroup>
    <ResourceCompile Include="Game.rc" />
  </ItemGroup>
  <ItemGroup>
    <ImageContentTask Include="Asset\spriteData\Black.png" />
    <ImageContentTask Include="Asset\spriteData\Title.png" />
    <ImageContentTask Include="Asset\spriteData\waku.png" />
  </ItemGroup>
</Project>